
Microsoft Visual Studio Solution File, Format Version 12.00
# Visual Studio Version 17
VisualStudioVersion = 17.4.33403.182
MinimumVisualStudioVersion = 10.0.40219.1
Project("{FAE04EC0-301F-11D3-BF4B-00C04F79EFBC}") = "csharp-aspnetcore-cleaningcompany-site", "csharp-aspnetcore-cleaningcompany-site\csharp-aspnetcore-cleaningcompany-site.csproj", "{B26FC5CC-6A7A-41BB-B441-304258D1FA5C}"
EndProject
Global
	GlobalSection(SolutionConfigurationPlatforms) = preSolution
		Debug|Any CPU = Debug|Any CPU
		Release|Any CPU = Release|Any CPU
	EndGlobalSection
	GlobalSection(ProjectConfigurationPlatforms) = postSolution
		{B26FC5CC-6A7A-41BB-B441-304258D1FA5C}.Debug|Any CPU.ActiveCfg = Debug|Any CPU
		{B26FC5CC-6A7A-41BB-B441-304258D1FA5C}.Debug|Any CPU.Build.0 = Debug|Any CPU
		{B26FC5CC-6A7A-41BB-B441-304258D1FA5C}.Release|Any CPU.ActiveCfg = Release|Any CPU
		{B26FC5CC-6A7A-41BB-B441-304258D1FA5C}.Release|Any CPU.Build.0 = Release|Any CPU
	EndGlobalSection
	GlobalSection(SolutionProperties) = preSolution
		HideSolutionNode = FALSE
	EndGlobalSection
	GlobalSection(ExtensibilityGlobals) = postSolution
		SolutionGuid = {20BF319A-4D40-4C97-A29E-20380BA9DB0A}
	EndGlobalSection
EndGlobal
